
Microsoft Visual Studio Solution File, Format Version 12.00
Project("{FAE04EC0-301F-11D3-BF4B-00C04F79EFBC}") = "MyBank", "MyBank.csproj", "{9A54CE89-CB69-44B2-9381-893AB6110487}"
EndProject
Global
	GlobalSection(SolutionConfigurationPlatforms) = preSolution
		Debug|Any CPU = Debug|Any CPU
		Release|Any CPU = Release|Any CPU
	EndGlobalSection
	GlobalSection(ProjectConfigurationPlatforms) = postSolution
		{9A54CE89-CB69-44B2-9381-893AB6110487}.Debug|Any CPU.ActiveCfg = Debug|Any CPU
		{9A54CE89-CB69-44B2-9381-893AB6110487}.Debug|Any CPU.Build.0 = Debug|Any CPU
		{9A54CE89-CB69-44B2-9381-893AB6110487}.Release|Any CPU.ActiveCfg = Release|Any CPU
		{9A54CE89-CB69-44B2-9381-893AB6110487}.Release|Any CPU.Build.0 = Release|Any CPU
	EndGlobalSection
EndGlobal
